
Microsoft Visual Studio Solution File, Format Version 12.00
# Visual Studio 15
VisualStudioVersion = 15.0.26730.8
MinimumVisualStudioVersion = 10.0.40219.1
Project("{FAE04EC0-301F-11D3-BF4B-00C04F79EFBC}") = "WindowsFormsPrint", "WindowsFormsPrint\WindowsFormsPrint.csproj", "{544711E7-F61C-4504-A29A-F391E018E71F}"
EndProject
Project("{2150E333-8FDC-42A3-9474-1A3956D46DE8}") = "Solution Items", "Solution Items", "{73BBFD89-F74F-41B3-B055-906CA8CD6C8F}"
	ProjectSection(SolutionItems) = preProject
		demo.html = demo.html
		README.md = README.md
	EndProjectSection
EndProject
Global
	GlobalSection(SolutionConfigurationPlatforms) = preSolution
		Debug|Any CPU = Debug|Any CPU
		Release|Any CPU = Release|Any CPU
	EndGlobalSection
	GlobalSection(ProjectConfigurationPlatforms) = postSolution
		{544711E7-F61C-4504-A29A-F391E018E71F}.Debug|Any CPU.ActiveCfg = Debug|Any CPU
		{544711E7-F61C-4504-A29A-F391E018E71F}.Debug|Any CPU.Build.0 = Debug|Any CPU
		{544711E7-F61C-4504-A29A-F391E018E71F}.Release|Any CPU.ActiveCfg = Release|Any CPU
		{544711E7-F61C-4504-A29A-F391E018E71F}.Release|Any CPU.Build.0 = Release|Any CPU
	EndGlobalSection
	GlobalSection(SolutionProperties) = preSolution
		HideSolutionNode = FALSE
	EndGlobalSection
	GlobalSection(ExtensibilityGlobals) = postSolution
		SolutionGuid = {CCD176BF-1661-456B-8D79-5C507D136310}
	EndGlobalSection
EndGlobal
